
Microsoft Visual Studio Solution File, Format Version 12.00
# Visual Studio Version 17
VisualStudioVersion = 17.5.33402.96
MinimumVisualStudioVersion = 10.0.40219.1
Project("{9A19103F-16F7-4668-BE54-9A1E7A4F7556}") = "Somtoday.Net", "Somtoday.Net\Somtoday.Net.csproj", "{0A19DFBB-63CC-4DC3-96E6-2B038F6EBF2B}"
EndProject
Project("{FAE04EC0-301F-11D3-BF4B-00C04F79EFBC}") = "Test", "Test\Test.csproj", "{33467AA7-2095-40AB-8DD9-E2729EB9C8F4}"
EndProject
Project("{2150E333-8FDC-42A3-9474-1A3956D46DE8}") = "Solution Items", "Solution Items", "{462BFFF4-93F3-495C-9B80-2151A5F7C7AA}"
	ProjectSection(SolutionItems) = preProject
		.editorconfig = .editorconfig
	EndProjectSection
EndProject
Global
	GlobalSection(SolutionConfigurationPlatforms) = preSolution
		Debug|Any CPU = Debug|Any CPU
		Release|Any CPU = Release|Any CPU
	EndGlobalSection
	GlobalSection(ProjectConfigurationPlatforms) = postSolution
		{0A19DFBB-63CC-4DC3-96E6-2B038F6EBF2B}.Debug|Any CPU.ActiveCfg = Debug|Any CPU
		{0A19DFBB-63CC-4DC3-96E6-2B038F6EBF2B}.Debug|Any CPU.Build.0 = Debug|Any CPU
		{0A19DFBB-63CC-4DC3-96E6-2B038F6EBF2B}.Release|Any CPU.ActiveCfg = Release|Any CPU
		{0A19DFBB-63CC-4DC3-96E6-2B038F6EBF2B}.Release|Any CPU.Build.0 = Release|Any CPU
		{33467AA7-2095-40AB-8DD9-E2729EB9C8F4}.Debug|Any CPU.ActiveCfg = Debug|Any CPU
		{33467AA7-2095-40AB-8DD9-E2729EB9C8F4}.Debug|Any CPU.Build.0 = Debug|Any CPU
		{33467AA7-2095-40AB-8DD9-E2729EB9C8F4}.Release|Any CPU.ActiveCfg = Release|Any CPU
		{33467AA7-2095-40AB-8DD9-E2729EB9C8F4}.Release|Any CPU.Build.0 = Release|Any CPU
	EndGlobalSection
	GlobalSection(SolutionProperties) = preSolution
		HideSolutionNode = FALSE
	EndGlobalSection
	GlobalSection(ExtensibilityGlobals) = postSolution
		SolutionGuid = {E9B88EC8-45D9-4070-BC6C-17C8F830B6CF}
	EndGlobalSection
EndGlobal
